// !$*UTF8*$!
{
	archiveVersion = 1;
	classes = {
	};
	objectVersion = 46;
	objects = {

/* Begin PBXBuildFile section */
		AA87AA6F1D733C94007B8FBA /* AppDelegate.swift in Sources */ = {isa = PBXBuildFile; fileRef = AA87AA6E1D733C94007B8FBA /* AppDelegate.swift */; };
		AA87AA711D733C94007B8FBA /* ViewController.swift in Sources */ = {isa = PBXBuildFile; fileRef = AA87AA701D733C94007B8FBA /* ViewController.swift */; };
		AA87AA741D733C94007B8FBA /* Main.storyboard in Resources */ = {isa = PBXBuildFile; fileRef = AA87AA721D733C94007B8FBA /* Main.storyboard */; };
		AA87AA761D733C94007B8FBA /* Assets.xcassets in Resources */ = {isa = PBXBuildFile; fileRef = AA87AA751D733C94007B8FBA /* Assets.xcassets */; };
		AA87AA791D733C94007B8FBA /* LaunchScreen.storyboard in Resources */ = {isa = PBXBuildFile; fileRef = AA87AA771D733C94007B8FBA /* LaunchScreen.storyboard */; };
		AA87AA811D73741C007B8FBA /* Minecraft.ttf in Resources */ = {isa = PBXBuildFile; fileRef = AA87AA801D73741C007B8FBA /* Minecraft.ttf */; };
		AA87AA831D737926007B8FBA /* btn.wav in Resources */ = {isa = PBXBuildFile; fileRef = AA87AA821D737926007B8FBA /* btn.wav */; };
/* End PBXBuildFile section */

/* Begin PBXFileReference section */
		AA87AA6B1D733C94007B8FBA /* 21-RetroCalculatorApp.app */ = {isa = PBXFileReference; explicitFileType = wrapper.application; includeInIndex = 0; path = "21-RetroCalculatorApp.app"; sourceTree = BUILT_PRODUCTS_DIR; };
		AA87AA6E1D733C94007B8FBA /* AppDelegate.swift */ = {isa = PBXFileReference; lastKnownFileType = sourcecode.swift; path = AppDelegate.swift; sourceTree = "<group>"; };
		AA87AA701D733C94007B8FBA /* ViewController.swift */ = {isa = PBXFileReference; lastKnownFileType = sourcecode.swift; path = ViewController.swift; sourceTree = "<group>"; };
		AA87AA731D733C94007B8FBA /* Base */ = {isa = PBXFileReference; lastKnownFileType = file.storyboard; name = Base; path = Base.lproj/Main.storyboard; sourceTree = "<group>"; };
		AA87AA751D733C94007B8FBA /* Assets.xcassets */ = {isa = PBXFileReference; lastKnownFileType = folder.assetcatalog; path = Assets.xcassets; sourceTree = "<group>"; };
		AA87AA781D733C94007B8FBA /* Base */ = {isa = PBXFileReference; lastKnownFileType = file.storyboard; name = Base; path = Base.lproj/LaunchScreen.storyboard; sourceTree = "<group>"; };
		AA87AA7A1D733C94007B8FBA /* Info.plist */ = {isa = PBXFileReference; lastKnownFileType = text.plist.xml; path = Info.plist; sourceTree = "<group>"; };
		AA87AA801D73741C007B8FBA /* Minecraft.ttf */ = {isa = PBXFileReference; lastKnownFileType = file; path = Minecraft.ttf; sourceTree = "<group>"; };
		AA87AA821D737926007B8FBA /* btn.wav */ = {isa = PBXFileReference; lastKnownFileType = audio.wav; path = btn.wav; sourceTree = "<group>"; };
/* End PBXFileReference section */

/* Begin PBXFrameworksBuildPhase section */
		AA87AA681D733C94007B8FBA /* Frameworks */ = {
			isa = PBXFrameworksBuildPhase;
			buildActionMask = 2147483647;
			files = (
			);
			runOnlyForDeploymentPostprocessing = 0;
		};
/* End PBXFrameworksBuildPhase section */

/* Begin PBXGroup section */
		AA87AA621D733C94007B8FBA = {
			isa = PBXGroup;
			children = (
				AA87AA6D1D733C94007B8FBA /* 21-RetroCalculatorApp */,
				AA87AA6C1D733C94007B8FBA /* Products */,
			);
			sourceTree = "<group>";
		};
		AA87AA6C1D733C94007B8FBA /* Products */ = {
			isa = PBXGroup;
			children = (
				AA87AA6B1D733C94007B8FBA /* 21-RetroCalculatorApp.app */,
			);
			name = Products;
			sourceTree = "<group>";
		};
		AA87AA6D1D733C94007B8FBA /* 21-RetroCalculatorApp */ = {
			isa = PBXGroup;
			children = (
				AA87AA801D73741C007B8FBA /* Minecraft.ttf */,
				AA87AA821D737926007B8FBA /* btn.wav */,
				AA87AA6E1D733C94007B8FBA /* AppDelegate.swift */,
				AA87AA701D733C94007B8FBA /* ViewController.swift */,
				AA87AA721D733C94007B8FBA /* Main.storyboard */,
				AA87AA751D733C94007B8FBA /* Assets.xcassets */,
				AA87AA771D733C94007B8FBA /* LaunchScreen.storyboard */,
				AA87AA7A1D733C94007B8FBA /* Info.plist */,
			);
			path = "21-RetroCalculatorApp";
			sourceTree = "<group>";
		};
/* End PBXGroup section */

/* Begin PBXNativeTarget section */
		AA87AA6A1D733C94007B8FBA /* 21-RetroCalculatorApp */ = {
			isa = PBXNativeTarget;
			buildConfigurationList = AA87AA7D1D733C94007B8FBA /* Build configuration list for PBXNativeTarget "21-RetroCalculatorApp" */;
			buildPhases = (
				AA87AA671D733C94007B8FBA /* Sources */,
				AA87AA681D733C94007B8FBA /* Frameworks */,
				AA87AA691D733C94007B8FBA /* Resources */,
			);
			buildRules = (
			);
			dependencies = (
			);
			name = "21-RetroCalculatorApp";
			productName = "21-RetroCalculatorApp";
			productReference = AA87AA6B1D733C94007B8FBA /* 21-RetroCalculatorApp.app */;
			productType = "com.apple.product-type.application";
		};
/* End PBXNativeTarget section */

/* Begin PBXProject section */
		AA87AA631D733C94007B8FBA /* Project object */ = {
			isa = PBXProject;
			attributes = {
				LastSwiftUpdateCheck = 0800;
				LastUpgradeCheck = 0800;
				ORGANIZATIONNAME = SandroSimes;
				TargetAttributes = {
					AA87AA6A1D733C94007B8FBA = {
						CreatedOnToolsVersion = 8.0;
						DevelopmentTeam = BCUP3M7P3C;
						DevelopmentTeamName = "Sandro Simes (Personal Team)";
						ProvisioningStyle = Automatic;
					};
				};
			};
			buildConfigurationList = AA87AA661D733C94007B8FBA /* Build configuration list for PBXProject "21-RetroCalculatorApp" */;
			compatibilityVersion = "Xcode 3.2";
			developmentRegion = English;
			hasScannedForEncodings = 0;
			knownRegions = (
				en,
				Base,
			);
			mainGroup = AA87AA621D733C94007B8FBA;
			productRefGroup = AA87AA6C1D733C94007B8FBA /* Products */;
			projectDirPath = "";
			projectRoot = "";
			targets = (
				AA87AA6A1D733C94007B8FBA /* 21-RetroCalculatorApp */,
			);
		};
/* End PBXProject section */

/* Begin PBXResourcesBuildPhase section */
		AA87AA691D733C94007B8FBA /* Resources */ = {
			isa = PBXResourcesBuildPhase;
			buildActionMask = 2147483647;
			files = (
				AA87AA791D733C94007B8FBA /* LaunchScreen.storyboard in Resources */,
				AA87AA761D733C94007B8FBA /* Assets.xcassets in Resources */,
				AA87AA831D737926007B8FBA /* btn.wav in Resources */,
				AA87AA811D73741C007B8FBA /* Minecraft.ttf in Resources */,
				AA87AA741D733C94007B8FBA /* Main.storyboard in Resources */,
			);
			runOnlyForDeploymentPostprocessing = 0;
		};
/* End PBXResourcesBuildPhase section */

/* Begin PBXSourcesBuildPhase section */
		AA87AA671D733C94007B8FBA /* Sources */ = {
			isa = PBXSourcesBuildPhase;
			buildActionMask = 2147483647;
			files = (
				AA87AA711D733C94007B8FBA /* ViewController.swift in Sources */,
				AA87AA6F1D733C94007B8FBA /* AppDelegate.swift in Sources */,
			);
			runOnlyForDeploymentPostprocessing = 0;
		};
/* End PBXSourcesBuildPhase section */

/* Begin PBXVariantGroup section */
		AA87AA721D733C94007B8FBA /* Main.storyboard */ = {
			isa = PBXVariantGroup;
			children = (
				AA87AA731D733C94007B8FBA /* Base */,
			);
			name = Main.storyboard;
			sourceTree = "<group>";
		};
		AA87AA771D733C94007B8FBA /* LaunchScreen.storyboard */ = {
			isa = PBXVariantGroup;
			children = (
				AA87AA781D733C94007B8FBA /* Base */,
			);
			name = LaunchScreen.storyboard;
			sourceTree = "<group>";
		};
/* End PBXVariantGroup section */

/* Begin XCBuildConfiguration section */
		AA87AA7B1D733C94007B8FBA /* Debug */ = {
			isa = XCBuildConfiguration;
			buildSettings = {
				ALWAYS_SEARCH_USER_PATHS = NO;
				CLANG_ANALYZER_NONNULL = YES;
				CLANG_CXX_LANGUAGE_STANDARD = "gnu++0x";
				CLANG_CXX_LIBRARY = "libc++";
				CLANG_ENABLE_MODULES = YES;
				CLANG_ENABLE_OBJC_ARC = YES;
				CLANG_WARN_BOOL_CONVERSION = YES;
				CLANG_WARN_CONSTANT_CONVERSION = YES;
				CLANG_WARN_DIRECT_OBJC_ISA_USAGE = YES_ERROR;
				CLANG_WARN_DOCUMENTATION_COMMENTS = YES;
				CLANG_WARN_EMPTY_BODY = YES;
				CLANG_WARN_ENUM_CONVERSION = YES;
				CLANG_WARN_INT_CONVERSION = YES;
				CLANG_WARN_OBJC_ROOT_CLASS = YES_ERROR;
				CLANG_WARN_UNREACHABLE_CODE = YES;
				CLANG_WARN__DUPLICATE_METHOD_MATCH = YES;
				"CODE_SIGN_IDENTITY[sdk=iphoneos*]" = "iPhone Developer";
				COPY_PHASE_STRIP = NO;
				DEBUG_INFORMATION_FORMAT = dwarf;
				ENABLE_STRICT_OBJC_MSGSEND = YES;
				ENABLE_TESTABILITY = YES;
				GCC_C_LANGUAGE_STANDARD = gnu99;
				GCC_DYNAMIC_NO_PIC = NO;
				GCC_NO_COMMON_BLOCKS = YES;
				GCC_OPTIMIZATION_LEVEL = 0;
				GCC_PREPROCESSOR_DEFINITIONS = (
					"DEBUG=1",
					"$(inherited)",
				);
				GCC_WARN_64_TO_32_BIT_CONVERSION = YES;
				GCC_WARN_ABOUT_RETURN_TYPE = YES_ERROR;
				GCC_WARN_UNDECLARED_SELECTOR = YES;
				GCC_WARN_UNINITIALIZED_AUTOS = YES_AGGRESSIVE;
				GCC_WARN_UNUSED_FUNCTION = YES;
				GCC_WARN_UNUSED_VARIABLE = YES;
				IPHONEOS_DEPLOYMENT_TARGET = 10.0;
				MTL_ENABLE_DEBUG_INFO = YES;
				ONLY_ACTIVE_ARCH = YES;
				SDKROOT = iphoneos;
				SWIFT_ACTIVE_COMPILATION_CONDITIONS = DEBUG;
				SWIFT_OPTIMIZATION_LEVEL = "-Onone";
				TARGETED_DEVICE_FAMILY = "1,2";
			};
			name = Debug;
		};
		AA87AA7C1D733C94007B8FBA /* Release */ = {
			isa = XCBuildConfiguration;
			buildSettings = {
				ALWAYS_SEARCH_USER_PATHS = NO;
				CLANG_ANALYZER_NONNULL = YES;
				CLANG_CXX_LANGUAGE_STANDARD = "gnu++0x";
				CLANG_CXX_LIBRARY = "libc++";
				CLANG_ENABLE_MODULES = YES;
				CLANG_ENABLE_OBJC_ARC = YES;
				CLANG_WARN_BOOL_CONVERSION = YES;
				CLANG_WARN_CONSTANT_CONVERSION = YES;
				CLANG_WARN_DIRECT_OBJC_ISA_USAGE = YES_ERROR;
				CLANG_WARN_DOCUMENTATION_COMMENTS = YES;
				CLANG_WARN_EMPTY_BODY = YES;
				CLANG_WARN_ENUM_CONVERSION = YES;
				CLANG_WARN_INT_CONVERSION = YES;
				CLANG_WARN_OBJC_ROOT_CLASS = YES_ERROR;
				CLANG_WARN_UNREACHABLE_CODE = YES;
				CLANG_WARN__DUPLICATE_METHOD_MATCH = YES;
				"CODE_SIGN_IDENTITY[sdk=iphoneos*]" = "iPhone Developer";
				COPY_PHASE_STRIP = NO;
				DEBUG_INFORMATION_FORMAT = "dwarf-with-dsym";
				ENABLE_NS_ASSERTIONS = NO;
				ENABLE_STRICT_OBJC_MSGSEND = YES;
				GCC_C_LANGUAGE_STANDARD = gnu99;
				GCC_NO_COMMON_BLOCKS = YES;
				GCC_WARN_64_TO_32_BIT_CONVERSION = YES;
				GCC_WARN_ABOUT_RETURN_TYPE = YES_ERROR;
				GCC_WARN_UNDECLARED_SELECTOR = YES;
				GCC_WARN_UNINITIALIZED_AUTOS = YES_AGGRESSIVE;
				GCC_WARN_UNUSED_FUNCTION = YES;
				GCC_WARN_UNUSED_VARIABLE = YES;
				IPHONEOS_DEPLOYMENT_TARGET = 10.0;
				MTL_ENABLE_DEBUG_INFO = NO;
				SDKROOT = iphoneos;
				SWIFT_OPTIMIZATION_LEVEL = "-Owholemodule";
				TARGETED_DEVICE_FAMILY = "1,2";
				VALIDATE_PRODUCT = YES;
			};
			name = Release;
		};
		AA87AA7E1D733C94007B8FBA /* Debug */ = {
			isa = XCBuildConfiguration;
			buildSettings = {
				ASSETCATALOG_COMPILER_APPICON_NAME = AppIcon;
				INFOPLIST_FILE = "21-RetroCalculatorApp/Info.plist";
				LD_RUNPATH_SEARCH_PATHS = "$(inherited) @executable_path/Frameworks";
				PRODUCT_BUNDLE_IDENTIFIER = "com.sandrosimes.-1-RetroCalculatorApp";
				PRODUCT_NAME = "$(TARGET_NAME)";
				SWIFT_VERSION = 3.0;
			};
			name = Debug;
		};
		AA87AA7F1D733C94007B8FBA /* Release */ = {
			isa = XCBuildConfiguration;
			buildSettings = {
				ASSETCATALOG_COMPILER_APPICON_NAME = AppIcon;
				INFOPLIST_FILE = "21-RetroCalculatorApp/Info.plist";
				LD_RUNPATH_SEARCH_PATHS = "$(inherited) @executable_path/Frameworks";
				PRODUCT_BUNDLE_IDENTIFIER = "com.sandrosimes.-1-RetroCalculatorApp";
				PRODUCT_NAME = "$(TARGET_NAME)";
				SWIFT_VERSION = 3.0;
			};
			name = Release;
		};
/* End XCBuildConfiguration section */

/* Begin XCConfigurationList section */
		AA87AA661D733C94007B8FBA /* Build configuration list for PBXProject "21-RetroCalculatorApp" */ = {
			isa = XCConfigurationList;
			buildConfigurations = (
				AA87AA7B1D733C94007B8FBA /* Debug */,
				AA87AA7C1D733C94007B8FBA /* Release */,
			);
			defaultConfigurationIsVisible = 0;
			defaultConfigurationName = Release;
		};
		AA87AA7D1D733C94007B8FBA /* Build configuration list for PBXNativeTarget "21-RetroCalculatorApp" */ = {
			isa = XCConfigurationList;
			buildConfigurations = (
				AA87AA7E1D733C94007B8FBA /* Debug */,
				AA87AA7F1D733C94007B8FBA /* Release */,
			);
			defaultConfigurationIsVisible = 0;
		};
/* End XCConfigurationList section */
	};
	rootObject = AA87AA631D733C94007B8FBA /* Project object */;
}
